
Microsoft Visual Studio Solution File, Format Version 12.00
# Visual Studio 14
VisualStudioVersion = 14.0.25420.1
MinimumVisualStudioVersion = 10.0.40219.1
Project("{FAE04EC0-301F-11D3-BF4B-00C04F79EFBC}") = "01. TrickyStrings", "01. TrickyStrings\01. TrickyStrings.csproj", "{B2812048-8821-485F-B840-6025726E06A5}"
EndProject
Project("{FAE04EC0-301F-11D3-BF4B-00C04F79EFBC}") = "02. TriangleForamtions", "02. TriangleForamtions\02. TriangleForamtions.csproj", "{F57AA341-AAD6-4670-AC0D-3F7885878030}"
EndProject
Project("{FAE04EC0-301F-11D3-BF4B-00C04F79EFBC}") = "03. Tetris", "03. Tetris\03. Tetris.csproj", "{A40C6284-ACDE-4298-8C2B-5D72B2B09D8B}"
EndProject
Project("{FAE04EC0-301F-11D3-BF4B-00C04F79EFBC}") = "04. MiningCoins", "04. MiningCoins\04. MiningCoins.csproj", "{A3282598-29BC-471F-ADFF-1FF717E545A7}"
EndProject
Global
	GlobalSection(SolutionConfigurationPlatforms) = preSolution
		Debug|Any CPU = Debug|Any CPU
		Release|Any CPU = Release|Any CPU
	EndGlobalSection
	GlobalSection(ProjectConfigurationPlatforms) = postSolution
		{B2812048-8821-485F-B840-6025726E06A5}.Debug|Any CPU.ActiveCfg = Debug|Any CPU
		{B2812048-8821-485F-B840-6025726E06A5}.Debug|Any CPU.Build.0 = Debug|Any CPU
		{B2812048-8821-485F-B840-6025726E06A5}.Release|Any CPU.ActiveCfg = Release|Any CPU
		{B2812048-8821-485F-B840-6025726E06A5}.Release|Any CPU.Build.0 = Release|Any CPU
		{F57AA341-AAD6-4670-AC0D-3F7885878030}.Debug|Any CPU.ActiveCfg = Debug|Any CPU
		{F57AA341-AAD6-4670-AC0D-3F7885878030}.Debug|Any CPU.Build.0 = Debug|Any CPU
		{F57AA341-AAD6-4670-AC0D-3F7885878030}.Release|Any CPU.ActiveCfg = Release|Any CPU
		{F57AA341-AAD6-4670-AC0D-3F7885878030}.Release|Any CPU.Build.0 = Release|Any CPU
		{A40C6284-ACDE-4298-8C2B-5D72B2B09D8B}.Debug|Any CPU.ActiveCfg = Debug|Any CPU
		{A40C6284-ACDE-4298-8C2B-5D72B2B09D8B}.Debug|Any CPU.Build.0 = Debug|Any CPU
		{A40C6284-ACDE-4298-8C2B-5D72B2B09D8B}.Release|Any CPU.ActiveCfg = Release|Any CPU
		{A40C6284-ACDE-4298-8C2B-5D72B2B09D8B}.Release|Any CPU.Build.0 = Release|Any CPU
		{A3282598-29BC-471F-ADFF-1FF717E545A7}.Debug|Any CPU.ActiveCfg = Debug|Any CPU
		{A3282598-29BC-471F-ADFF-1FF717E545A7}.Debug|Any CPU.Build.0 = Debug|Any CPU
		{A3282598-29BC-471F-ADFF-1FF717E545A7}.Release|Any CPU.ActiveCfg = Release|Any CPU
		{A3282598-29BC-471F-ADFF-1FF717E545A7}.Release|Any CPU.Build.0 = Release|Any CPU
	EndGlobalSection
	GlobalSection(SolutionProperties) = preSolution
		HideSolutionNode = FALSE
	EndGlobalSection
EndGlobal
