
Microsoft Visual Studio Solution File, Format Version 12.00
# Visual Studio 15
VisualStudioVersion = 15.0.26228.12
MinimumVisualStudioVersion = 10.0.40219.1
Project("{FAE04EC0-301F-11D3-BF4B-00C04F79EFBC}") = "01. MelrahShake", "01. MelrahShake\01. MelrahShake.csproj", "{389EE12B-B545-48BD-BF26-E637DD5BE0F6}"
EndProject
Project("{FAE04EC0-301F-11D3-BF4B-00C04F79EFBC}") = "02. CriticalBreakpoint", "02. CriticalBreakpoint\02. CriticalBreakpoint.csproj", "{8FE2C29B-C065-4BE7-852C-1666FB18EDD2}"
EndProject
Project("{FAE04EC0-301F-11D3-BF4B-00C04F79EFBC}") = "03. GUnit", "03. GUnit\03. GUnit.csproj", "{F6032EAB-2F96-4EDD-8064-001851E648B7}"
EndProject
Global
	GlobalSection(SolutionConfigurationPlatforms) = preSolution
		Debug|Any CPU = Debug|Any CPU
		Release|Any CPU = Release|Any CPU
	EndGlobalSection
	GlobalSection(ProjectConfigurationPlatforms) = postSolution
		{389EE12B-B545-48BD-BF26-E637DD5BE0F6}.Debug|Any CPU.ActiveCfg = Debug|Any CPU
		{389EE12B-B545-48BD-BF26-E637DD5BE0F6}.Debug|Any CPU.Build.0 = Debug|Any CPU
		{389EE12B-B545-48BD-BF26-E637DD5BE0F6}.Release|Any CPU.ActiveCfg = Release|Any CPU
		{389EE12B-B545-48BD-BF26-E637DD5BE0F6}.Release|Any CPU.Build.0 = Release|Any CPU
		{8FE2C29B-C065-4BE7-852C-1666FB18EDD2}.Debug|Any CPU.ActiveCfg = Debug|Any CPU
		{8FE2C29B-C065-4BE7-852C-1666FB18EDD2}.Debug|Any CPU.Build.0 = Debug|Any CPU
		{8FE2C29B-C065-4BE7-852C-1666FB18EDD2}.Release|Any CPU.ActiveCfg = Release|Any CPU
		{8FE2C29B-C065-4BE7-852C-1666FB18EDD2}.Release|Any CPU.Build.0 = Release|Any CPU
		{F6032EAB-2F96-4EDD-8064-001851E648B7}.Debug|Any CPU.ActiveCfg = Debug|Any CPU
		{F6032EAB-2F96-4EDD-8064-001851E648B7}.Debug|Any CPU.Build.0 = Debug|Any CPU
		{F6032EAB-2F96-4EDD-8064-001851E648B7}.Release|Any CPU.ActiveCfg = Release|Any CPU
		{F6032EAB-2F96-4EDD-8064-001851E648B7}.Release|Any CPU.Build.0 = Release|Any CPU
	EndGlobalSection
	GlobalSection(SolutionProperties) = preSolution
		HideSolutionNode = FALSE
	EndGlobalSection
EndGlobal
