
Microsoft Visual Studio Solution File, Format Version 12.00
# Visual Studio 15
VisualStudioVersion = 15.0.26228.12
MinimumVisualStudioVersion = 10.0.40219.1
Project("{FAE04EC0-301F-11D3-BF4B-00C04F79EFBC}") = "01. Placeholders", "01. Placeholders\01. Placeholders.csproj", "{9E66CA80-8312-494C-9A96-AEE816B7E58A}"
EndProject
Project("{FAE04EC0-301F-11D3-BF4B-00C04F79EFBC}") = "02. JSONStringify", "02. JSONStringify\02. JSONStringify.csproj", "{C566298A-E2C3-4026-9789-058EA9584811}"
EndProject
Project("{FAE04EC0-301F-11D3-BF4B-00C04F79EFBC}") = "03. JSONParse", "03. JSONParse\03. JSONParse.csproj", "{2E02BA7B-574D-4634-A54F-26954D911988}"
EndProject
Project("{FAE04EC0-301F-11D3-BF4B-00C04F79EFBC}") = "04. SentenceSplit", "04. SentenceSplit\04. SentenceSplit.csproj", "{00FF4FD8-EC46-4AE0-BAF2-7E6B19885EA4}"
EndProject
Project("{FAE04EC0-301F-11D3-BF4B-00C04F79EFBC}") = "05. CapitalizeWords", "05. CapitalizeWords\05. CapitalizeWords.csproj", "{B1F4E8E5-175B-4448-B222-456ABA44F0DC}"
EndProject
Global
	GlobalSection(SolutionConfigurationPlatforms) = preSolution
		Debug|Any CPU = Debug|Any CPU
		Release|Any CPU = Release|Any CPU
	EndGlobalSection
	GlobalSection(ProjectConfigurationPlatforms) = postSolution
		{9E66CA80-8312-494C-9A96-AEE816B7E58A}.Debug|Any CPU.ActiveCfg = Debug|Any CPU
		{9E66CA80-8312-494C-9A96-AEE816B7E58A}.Debug|Any CPU.Build.0 = Debug|Any CPU
		{9E66CA80-8312-494C-9A96-AEE816B7E58A}.Release|Any CPU.ActiveCfg = Release|Any CPU
		{9E66CA80-8312-494C-9A96-AEE816B7E58A}.Release|Any CPU.Build.0 = Release|Any CPU
		{C566298A-E2C3-4026-9789-058EA9584811}.Debug|Any CPU.ActiveCfg = Debug|Any CPU
		{C566298A-E2C3-4026-9789-058EA9584811}.Debug|Any CPU.Build.0 = Debug|Any CPU
		{C566298A-E2C3-4026-9789-058EA9584811}.Release|Any CPU.ActiveCfg = Release|Any CPU
		{C566298A-E2C3-4026-9789-058EA9584811}.Release|Any CPU.Build.0 = Release|Any CPU
		{2E02BA7B-574D-4634-A54F-26954D911988}.Debug|Any CPU.ActiveCfg = Debug|Any CPU
		{2E02BA7B-574D-4634-A54F-26954D911988}.Debug|Any CPU.Build.0 = Debug|Any CPU
		{2E02BA7B-574D-4634-A54F-26954D911988}.Release|Any CPU.ActiveCfg = Release|Any CPU
		{2E02BA7B-574D-4634-A54F-26954D911988}.Release|Any CPU.Build.0 = Release|Any CPU
		{00FF4FD8-EC46-4AE0-BAF2-7E6B19885EA4}.Debug|Any CPU.ActiveCfg = Debug|Any CPU
		{00FF4FD8-EC46-4AE0-BAF2-7E6B19885EA4}.Debug|Any CPU.Build.0 = Debug|Any CPU
		{00FF4FD8-EC46-4AE0-BAF2-7E6B19885EA4}.Release|Any CPU.ActiveCfg = Release|Any CPU
		{00FF4FD8-EC46-4AE0-BAF2-7E6B19885EA4}.Release|Any CPU.Build.0 = Release|Any CPU
		{B1F4E8E5-175B-4448-B222-456ABA44F0DC}.Debug|Any CPU.ActiveCfg = Debug|Any CPU
		{B1F4E8E5-175B-4448-B222-456ABA44F0DC}.Debug|Any CPU.Build.0 = Debug|Any CPU
		{B1F4E8E5-175B-4448-B222-456ABA44F0DC}.Release|Any CPU.ActiveCfg = Release|Any CPU
		{B1F4E8E5-175B-4448-B222-456ABA44F0DC}.Release|Any CPU.Build.0 = Release|Any CPU
	EndGlobalSection
	GlobalSection(SolutionProperties) = preSolution
		HideSolutionNode = FALSE
	EndGlobalSection
EndGlobal
