
Microsoft Visual Studio Solution File, Format Version 12.00
# Visual Studio 15
VisualStudioVersion = 15.0.26228.12
MinimumVisualStudioVersion = 10.0.40219.1
Project("{FAE04EC0-301F-11D3-BF4B-00C04F79EFBC}") = "01. SweetDessert", "01. SweetDessert\01. SweetDessert.csproj", "{160ECBB1-6CBD-4144-9EF2-E2F39B36523C}"
EndProject
Project("{FAE04EC0-301F-11D3-BF4B-00C04F79EFBC}") = "02. ArrayManipulator", "02. ArrayManipulator\02. ArrayManipulator.csproj", "{2F0C0BB7-B793-417B-AAEC-3527090DBE9B}"
EndProject
Project("{FAE04EC0-301F-11D3-BF4B-00C04F79EFBC}") = "03. FootballStandings", "03. FootballStandings\03. FootballStandings.csproj", "{1715249E-7C87-4287-979E-8D83FAF97D2F}"
EndProject
Project("{FAE04EC0-301F-11D3-BF4B-00C04F79EFBC}") = "04. CubicsMessages", "04. CubicsMessages\04. CubicsMessages.csproj", "{3AC99894-7695-4D75-B690-BAA1DE3722DA}"
EndProject
Global
	GlobalSection(SolutionConfigurationPlatforms) = preSolution
		Debug|Any CPU = Debug|Any CPU
		Release|Any CPU = Release|Any CPU
	EndGlobalSection
	GlobalSection(ProjectConfigurationPlatforms) = postSolution
		{160ECBB1-6CBD-4144-9EF2-E2F39B36523C}.Debug|Any CPU.ActiveCfg = Debug|Any CPU
		{160ECBB1-6CBD-4144-9EF2-E2F39B36523C}.Debug|Any CPU.Build.0 = Debug|Any CPU
		{160ECBB1-6CBD-4144-9EF2-E2F39B36523C}.Release|Any CPU.ActiveCfg = Release|Any CPU
		{160ECBB1-6CBD-4144-9EF2-E2F39B36523C}.Release|Any CPU.Build.0 = Release|Any CPU
		{2F0C0BB7-B793-417B-AAEC-3527090DBE9B}.Debug|Any CPU.ActiveCfg = Debug|Any CPU
		{2F0C0BB7-B793-417B-AAEC-3527090DBE9B}.Debug|Any CPU.Build.0 = Debug|Any CPU
		{2F0C0BB7-B793-417B-AAEC-3527090DBE9B}.Release|Any CPU.ActiveCfg = Release|Any CPU
		{2F0C0BB7-B793-417B-AAEC-3527090DBE9B}.Release|Any CPU.Build.0 = Release|Any CPU
		{1715249E-7C87-4287-979E-8D83FAF97D2F}.Debug|Any CPU.ActiveCfg = Debug|Any CPU
		{1715249E-7C87-4287-979E-8D83FAF97D2F}.Debug|Any CPU.Build.0 = Debug|Any CPU
		{1715249E-7C87-4287-979E-8D83FAF97D2F}.Release|Any CPU.ActiveCfg = Release|Any CPU
		{1715249E-7C87-4287-979E-8D83FAF97D2F}.Release|Any CPU.Build.0 = Release|Any CPU
		{3AC99894-7695-4D75-B690-BAA1DE3722DA}.Debug|Any CPU.ActiveCfg = Debug|Any CPU
		{3AC99894-7695-4D75-B690-BAA1DE3722DA}.Debug|Any CPU.Build.0 = Debug|Any CPU
		{3AC99894-7695-4D75-B690-BAA1DE3722DA}.Release|Any CPU.ActiveCfg = Release|Any CPU
		{3AC99894-7695-4D75-B690-BAA1DE3722DA}.Release|Any CPU.Build.0 = Release|Any CPU
	EndGlobalSection
	GlobalSection(SolutionProperties) = preSolution
		HideSolutionNode = FALSE
	EndGlobalSection
EndGlobal
