
Microsoft Visual Studio Solution File, Format Version 12.00
# Visual Studio 15
VisualStudioVersion = 15.0.26228.12
MinimumVisualStudioVersion = 10.0.40219.1
Project("{FAE04EC0-301F-11D3-BF4B-00C04F79EFBC}") = "01. Wormtest", "01. Wormtest\01. Wormtest.csproj", "{B8D3A9DE-5879-434A-914C-431D8ADF7FC4}"
EndProject
Project("{FAE04EC0-301F-11D3-BF4B-00C04F79EFBC}") = "02. WormIpsum", "02. WormIpsum\02. WormIpsum.csproj", "{FA8E5F57-D659-4F5F-85E9-059120D49EFB}"
EndProject
Project("{FAE04EC0-301F-11D3-BF4B-00C04F79EFBC}") = "03. Wormhole", "03. Wormhole\03. Wormhole.csproj", "{A6AFD2DE-25B6-4F5A-9692-6F810CEDAB46}"
EndProject
Project("{FAE04EC0-301F-11D3-BF4B-00C04F79EFBC}") = "04. WormsWorldParty", "04. WormsWorldParty\04. WormsWorldParty.csproj", "{0CAFD2C9-B792-43C7-9D44-98040BF0C90B}"
EndProject
Global
	GlobalSection(SolutionConfigurationPlatforms) = preSolution
		Debug|Any CPU = Debug|Any CPU
		Release|Any CPU = Release|Any CPU
	EndGlobalSection
	GlobalSection(ProjectConfigurationPlatforms) = postSolution
		{B8D3A9DE-5879-434A-914C-431D8ADF7FC4}.Debug|Any CPU.ActiveCfg = Debug|Any CPU
		{B8D3A9DE-5879-434A-914C-431D8ADF7FC4}.Debug|Any CPU.Build.0 = Debug|Any CPU
		{B8D3A9DE-5879-434A-914C-431D8ADF7FC4}.Release|Any CPU.ActiveCfg = Release|Any CPU
		{B8D3A9DE-5879-434A-914C-431D8ADF7FC4}.Release|Any CPU.Build.0 = Release|Any CPU
		{FA8E5F57-D659-4F5F-85E9-059120D49EFB}.Debug|Any CPU.ActiveCfg = Debug|Any CPU
		{FA8E5F57-D659-4F5F-85E9-059120D49EFB}.Debug|Any CPU.Build.0 = Debug|Any CPU
		{FA8E5F57-D659-4F5F-85E9-059120D49EFB}.Release|Any CPU.ActiveCfg = Release|Any CPU
		{FA8E5F57-D659-4F5F-85E9-059120D49EFB}.Release|Any CPU.Build.0 = Release|Any CPU
		{A6AFD2DE-25B6-4F5A-9692-6F810CEDAB46}.Debug|Any CPU.ActiveCfg = Debug|Any CPU
		{A6AFD2DE-25B6-4F5A-9692-6F810CEDAB46}.Debug|Any CPU.Build.0 = Debug|Any CPU
		{A6AFD2DE-25B6-4F5A-9692-6F810CEDAB46}.Release|Any CPU.ActiveCfg = Release|Any CPU
		{A6AFD2DE-25B6-4F5A-9692-6F810CEDAB46}.Release|Any CPU.Build.0 = Release|Any CPU
		{0CAFD2C9-B792-43C7-9D44-98040BF0C90B}.Debug|Any CPU.ActiveCfg = Debug|Any CPU
		{0CAFD2C9-B792-43C7-9D44-98040BF0C90B}.Debug|Any CPU.Build.0 = Debug|Any CPU
		{0CAFD2C9-B792-43C7-9D44-98040BF0C90B}.Release|Any CPU.ActiveCfg = Release|Any CPU
		{0CAFD2C9-B792-43C7-9D44-98040BF0C90B}.Release|Any CPU.Build.0 = Release|Any CPU
	EndGlobalSection
	GlobalSection(SolutionProperties) = preSolution
		HideSolutionNode = FALSE
	EndGlobalSection
EndGlobal
