
Microsoft Visual Studio Solution File, Format Version 12.00
# Visual Studio 15
VisualStudioVersion = 15.0.26228.12
MinimumVisualStudioVersion = 10.0.40219.1
Project("{FAE04EC0-301F-11D3-BF4B-00C04F79EFBC}") = "01. ReverseString", "01. ReverseString\01. ReverseString.csproj", "{61CC17FD-5A76-4546-A79D-CC2F11909C20}"
EndProject
Project("{FAE04EC0-301F-11D3-BF4B-00C04F79EFBC}") = "02. CountSubstringOccurrences", "02. CountSubstringOccurrences\02. CountSubstringOccurrences.csproj", "{DE067112-ABC2-4255-A612-3E92D1D8E296}"
EndProject
Project("{FAE04EC0-301F-11D3-BF4B-00C04F79EFBC}") = "03. TextFilter", "03. TextFilter\03. TextFilter.csproj", "{2856B951-3773-449D-8F1D-A536C43BDD55}"
EndProject
Project("{FAE04EC0-301F-11D3-BF4B-00C04F79EFBC}") = "04. Palindromes", "04. Palindromes\04. Palindromes.csproj", "{DAB2E9D6-DF24-4D1F-8907-2DEDEBCAD58B}"
EndProject
Global
	GlobalSection(SolutionConfigurationPlatforms) = preSolution
		Debug|Any CPU = Debug|Any CPU
		Release|Any CPU = Release|Any CPU
	EndGlobalSection
	GlobalSection(ProjectConfigurationPlatforms) = postSolution
		{61CC17FD-5A76-4546-A79D-CC2F11909C20}.Debug|Any CPU.ActiveCfg = Debug|Any CPU
		{61CC17FD-5A76-4546-A79D-CC2F11909C20}.Debug|Any CPU.Build.0 = Debug|Any CPU
		{61CC17FD-5A76-4546-A79D-CC2F11909C20}.Release|Any CPU.ActiveCfg = Release|Any CPU
		{61CC17FD-5A76-4546-A79D-CC2F11909C20}.Release|Any CPU.Build.0 = Release|Any CPU
		{DE067112-ABC2-4255-A612-3E92D1D8E296}.Debug|Any CPU.ActiveCfg = Debug|Any CPU
		{DE067112-ABC2-4255-A612-3E92D1D8E296}.Debug|Any CPU.Build.0 = Debug|Any CPU
		{DE067112-ABC2-4255-A612-3E92D1D8E296}.Release|Any CPU.ActiveCfg = Release|Any CPU
		{DE067112-ABC2-4255-A612-3E92D1D8E296}.Release|Any CPU.Build.0 = Release|Any CPU
		{2856B951-3773-449D-8F1D-A536C43BDD55}.Debug|Any CPU.ActiveCfg = Debug|Any CPU
		{2856B951-3773-449D-8F1D-A536C43BDD55}.Debug|Any CPU.Build.0 = Debug|Any CPU
		{2856B951-3773-449D-8F1D-A536C43BDD55}.Release|Any CPU.ActiveCfg = Release|Any CPU
		{2856B951-3773-449D-8F1D-A536C43BDD55}.Release|Any CPU.Build.0 = Release|Any CPU
		{DAB2E9D6-DF24-4D1F-8907-2DEDEBCAD58B}.Debug|Any CPU.ActiveCfg = Debug|Any CPU
		{DAB2E9D6-DF24-4D1F-8907-2DEDEBCAD58B}.Debug|Any CPU.Build.0 = Debug|Any CPU
		{DAB2E9D6-DF24-4D1F-8907-2DEDEBCAD58B}.Release|Any CPU.ActiveCfg = Release|Any CPU
		{DAB2E9D6-DF24-4D1F-8907-2DEDEBCAD58B}.Release|Any CPU.Build.0 = Release|Any CPU
	EndGlobalSection
	GlobalSection(SolutionProperties) = preSolution
		HideSolutionNode = FALSE
	EndGlobalSection
EndGlobal
