
Microsoft Visual Studio Solution File, Format Version 12.00
# Visual Studio 14
VisualStudioVersion = 14.0.25420.1
MinimumVisualStudioVersion = 10.0.40219.1
Project("{FAE04EC0-301F-11D3-BF4B-00C04F79EFBC}") = "01. CountRealNumbers", "01. CountRealNumbers\01. CountRealNumbers.csproj", "{61B7E75A-F49D-4085-BC70-2DCB45E1BBD2}"
EndProject
Project("{FAE04EC0-301F-11D3-BF4B-00C04F79EFBC}") = "02. OddOccurrences", "02. OddOccurrences\02. OddOccurrences.csproj", "{6B001037-3D9D-48C3-BA47-315088256C4F}"
EndProject
Global
	GlobalSection(SolutionConfigurationPlatforms) = preSolution
		Debug|Any CPU = Debug|Any CPU
		Release|Any CPU = Release|Any CPU
	EndGlobalSection
	GlobalSection(ProjectConfigurationPlatforms) = postSolution
		{61B7E75A-F49D-4085-BC70-2DCB45E1BBD2}.Debug|Any CPU.ActiveCfg = Debug|Any CPU
		{61B7E75A-F49D-4085-BC70-2DCB45E1BBD2}.Debug|Any CPU.Build.0 = Debug|Any CPU
		{61B7E75A-F49D-4085-BC70-2DCB45E1BBD2}.Release|Any CPU.ActiveCfg = Release|Any CPU
		{61B7E75A-F49D-4085-BC70-2DCB45E1BBD2}.Release|Any CPU.Build.0 = Release|Any CPU
		{6B001037-3D9D-48C3-BA47-315088256C4F}.Debug|Any CPU.ActiveCfg = Debug|Any CPU
		{6B001037-3D9D-48C3-BA47-315088256C4F}.Debug|Any CPU.Build.0 = Debug|Any CPU
		{6B001037-3D9D-48C3-BA47-315088256C4F}.Release|Any CPU.ActiveCfg = Release|Any CPU
		{6B001037-3D9D-48C3-BA47-315088256C4F}.Release|Any CPU.Build.0 = Release|Any CPU
	EndGlobalSection
	GlobalSection(SolutionProperties) = preSolution
		HideSolutionNode = FALSE
	EndGlobalSection
EndGlobal
