
Microsoft Visual Studio Solution File, Format Version 12.00
# Visual Studio 15
VisualStudioVersion = 15.0.26228.12
MinimumVisualStudioVersion = 10.0.40219.1
Project("{FAE04EC0-301F-11D3-BF4B-00C04F79EFBC}") = "01. SinoTheWalker", "01. SinoTheWalker\01. SinoTheWalker.csproj", "{785E53A0-5F86-42E6-ABD1-4080C4F07CBD}"
EndProject
Project("{FAE04EC0-301F-11D3-BF4B-00C04F79EFBC}") = "02. SoftUniKaraoke", "02. SoftUniKaraoke\02. SoftUniKaraoke.csproj", "{88279B74-7065-4338-AFF6-5E93FF99F0BC}"
EndProject
Project("{FAE04EC0-301F-11D3-BF4B-00C04F79EFBC}") = "03. EnduranceRally", "03. EnduranceRally\03. EnduranceRally.csproj", "{08EF8635-6AAB-4AEE-B6AD-6BDB0FA00040}"
EndProject
Project("{FAE04EC0-301F-11D3-BF4B-00C04F79EFBC}") = "04. WinnigTicket", "04. WinnigTicket\04. WinnigTicket.csproj", "{D8336CD3-D78C-4665-AC90-CDAD8D03662D}"
EndProject
Global
	GlobalSection(SolutionConfigurationPlatforms) = preSolution
		Debug|Any CPU = Debug|Any CPU
		Release|Any CPU = Release|Any CPU
	EndGlobalSection
	GlobalSection(ProjectConfigurationPlatforms) = postSolution
		{785E53A0-5F86-42E6-ABD1-4080C4F07CBD}.Debug|Any CPU.ActiveCfg = Debug|Any CPU
		{785E53A0-5F86-42E6-ABD1-4080C4F07CBD}.Debug|Any CPU.Build.0 = Debug|Any CPU
		{785E53A0-5F86-42E6-ABD1-4080C4F07CBD}.Release|Any CPU.ActiveCfg = Release|Any CPU
		{785E53A0-5F86-42E6-ABD1-4080C4F07CBD}.Release|Any CPU.Build.0 = Release|Any CPU
		{88279B74-7065-4338-AFF6-5E93FF99F0BC}.Debug|Any CPU.ActiveCfg = Debug|Any CPU
		{88279B74-7065-4338-AFF6-5E93FF99F0BC}.Debug|Any CPU.Build.0 = Debug|Any CPU
		{88279B74-7065-4338-AFF6-5E93FF99F0BC}.Release|Any CPU.ActiveCfg = Release|Any CPU
		{88279B74-7065-4338-AFF6-5E93FF99F0BC}.Release|Any CPU.Build.0 = Release|Any CPU
		{08EF8635-6AAB-4AEE-B6AD-6BDB0FA00040}.Debug|Any CPU.ActiveCfg = Debug|Any CPU
		{08EF8635-6AAB-4AEE-B6AD-6BDB0FA00040}.Debug|Any CPU.Build.0 = Debug|Any CPU
		{08EF8635-6AAB-4AEE-B6AD-6BDB0FA00040}.Release|Any CPU.ActiveCfg = Release|Any CPU
		{08EF8635-6AAB-4AEE-B6AD-6BDB0FA00040}.Release|Any CPU.Build.0 = Release|Any CPU
		{D8336CD3-D78C-4665-AC90-CDAD8D03662D}.Debug|Any CPU.ActiveCfg = Debug|Any CPU
		{D8336CD3-D78C-4665-AC90-CDAD8D03662D}.Debug|Any CPU.Build.0 = Debug|Any CPU
		{D8336CD3-D78C-4665-AC90-CDAD8D03662D}.Release|Any CPU.ActiveCfg = Release|Any CPU
		{D8336CD3-D78C-4665-AC90-CDAD8D03662D}.Release|Any CPU.Build.0 = Release|Any CPU
	EndGlobalSection
	GlobalSection(SolutionProperties) = preSolution
		HideSolutionNode = FALSE
	EndGlobalSection
EndGlobal
