
Microsoft Visual Studio Solution File, Format Version 12.00
# Visual Studio 14
VisualStudioVersion = 14.0.25420.1
MinimumVisualStudioVersion = 10.0.40219.1
Project("{FAE04EC0-301F-11D3-BF4B-00C04F79EFBC}") = "01. RabbitHole", "01. RabbitHole\01. RabbitHole.csproj", "{B05F25C2-46CF-4C1C-A4C8-1FB43E957429}"
EndProject
Project("{FAE04EC0-301F-11D3-BF4B-00C04F79EFBC}") = "02. JapaneseRoulette", "02. JapaneseRoulette\02. JapaneseRoulette.csproj", "{5A40A4D8-3668-4CB4-8BE2-8491272DD99B}"
EndProject
Project("{FAE04EC0-301F-11D3-BF4B-00C04F79EFBC}") = "03. IncreasingCrisis", "03. IncreasingCrisis\03. IncreasingCrisis.csproj", "{ECFADE46-744E-4905-8FF8-D2FA6EB538A4}"
EndProject
Project("{FAE04EC0-301F-11D3-BF4B-00C04F79EFBC}") = "04. Extremums", "04. Extremums\04. Extremums.csproj", "{2C4350AC-7496-4CBA-B765-28134ED10F7B}"
EndProject
Global
	GlobalSection(SolutionConfigurationPlatforms) = preSolution
		Debug|Any CPU = Debug|Any CPU
		Release|Any CPU = Release|Any CPU
	EndGlobalSection
	GlobalSection(ProjectConfigurationPlatforms) = postSolution
		{B05F25C2-46CF-4C1C-A4C8-1FB43E957429}.Debug|Any CPU.ActiveCfg = Debug|Any CPU
		{B05F25C2-46CF-4C1C-A4C8-1FB43E957429}.Debug|Any CPU.Build.0 = Debug|Any CPU
		{B05F25C2-46CF-4C1C-A4C8-1FB43E957429}.Release|Any CPU.ActiveCfg = Release|Any CPU
		{B05F25C2-46CF-4C1C-A4C8-1FB43E957429}.Release|Any CPU.Build.0 = Release|Any CPU
		{5A40A4D8-3668-4CB4-8BE2-8491272DD99B}.Debug|Any CPU.ActiveCfg = Debug|Any CPU
		{5A40A4D8-3668-4CB4-8BE2-8491272DD99B}.Debug|Any CPU.Build.0 = Debug|Any CPU
		{5A40A4D8-3668-4CB4-8BE2-8491272DD99B}.Release|Any CPU.ActiveCfg = Release|Any CPU
		{5A40A4D8-3668-4CB4-8BE2-8491272DD99B}.Release|Any CPU.Build.0 = Release|Any CPU
		{ECFADE46-744E-4905-8FF8-D2FA6EB538A4}.Debug|Any CPU.ActiveCfg = Debug|Any CPU
		{ECFADE46-744E-4905-8FF8-D2FA6EB538A4}.Debug|Any CPU.Build.0 = Debug|Any CPU
		{ECFADE46-744E-4905-8FF8-D2FA6EB538A4}.Release|Any CPU.ActiveCfg = Release|Any CPU
		{ECFADE46-744E-4905-8FF8-D2FA6EB538A4}.Release|Any CPU.Build.0 = Release|Any CPU
		{2C4350AC-7496-4CBA-B765-28134ED10F7B}.Debug|Any CPU.ActiveCfg = Debug|Any CPU
		{2C4350AC-7496-4CBA-B765-28134ED10F7B}.Debug|Any CPU.Build.0 = Debug|Any CPU
		{2C4350AC-7496-4CBA-B765-28134ED10F7B}.Release|Any CPU.ActiveCfg = Release|Any CPU
		{2C4350AC-7496-4CBA-B765-28134ED10F7B}.Release|Any CPU.Build.0 = Release|Any CPU
	EndGlobalSection
	GlobalSection(SolutionProperties) = preSolution
		HideSolutionNode = FALSE
	EndGlobalSection
EndGlobal
