
Microsoft Visual Studio Solution File, Format Version 12.00
# Visual Studio 14
VisualStudioVersion = 14.0.25420.1
MinimumVisualStudioVersion = 10.0.40219.1
Project("{FAE04EC0-301F-11D3-BF4B-00C04F79EFBC}") = "01. OddLines", "01. OddLines\01. OddLines.csproj", "{4BDFDFF9-6417-4ECE-8B2F-1D5C0C70D93C}"
EndProject
Project("{FAE04EC0-301F-11D3-BF4B-00C04F79EFBC}") = "02. LineNumbers", "02. LineNumbers\02. LineNumbers.csproj", "{DC0BFF53-9887-46E7-A910-448FA02E71DE}"
EndProject
Project("{FAE04EC0-301F-11D3-BF4B-00C04F79EFBC}") = "03. WorldCount", "03. WorldCount\03. WorldCount.csproj", "{B72B0929-E1C5-4C63-A0BD-67F8A1FE1E1B}"
EndProject
Project("{FAE04EC0-301F-11D3-BF4B-00C04F79EFBC}") = "04. MergeFiles", "04. MergeFiles\04. MergeFiles.csproj", "{91D34BC2-601D-4A45-88EF-D5C7898CBD91}"
EndProject
Project("{FAE04EC0-301F-11D3-BF4B-00C04F79EFBC}") = "05. FolderSize", "05. FolderSize\05. FolderSize.csproj", "{F2824908-3C32-40E8-B7AF-8DD04172174B}"
EndProject
Global
	GlobalSection(SolutionConfigurationPlatforms) = preSolution
		Debug|Any CPU = Debug|Any CPU
		Release|Any CPU = Release|Any CPU
	EndGlobalSection
	GlobalSection(ProjectConfigurationPlatforms) = postSolution
		{4BDFDFF9-6417-4ECE-8B2F-1D5C0C70D93C}.Debug|Any CPU.ActiveCfg = Debug|Any CPU
		{4BDFDFF9-6417-4ECE-8B2F-1D5C0C70D93C}.Debug|Any CPU.Build.0 = Debug|Any CPU
		{4BDFDFF9-6417-4ECE-8B2F-1D5C0C70D93C}.Release|Any CPU.ActiveCfg = Release|Any CPU
		{4BDFDFF9-6417-4ECE-8B2F-1D5C0C70D93C}.Release|Any CPU.Build.0 = Release|Any CPU
		{DC0BFF53-9887-46E7-A910-448FA02E71DE}.Debug|Any CPU.ActiveCfg = Debug|Any CPU
		{DC0BFF53-9887-46E7-A910-448FA02E71DE}.Debug|Any CPU.Build.0 = Debug|Any CPU
		{DC0BFF53-9887-46E7-A910-448FA02E71DE}.Release|Any CPU.ActiveCfg = Release|Any CPU
		{DC0BFF53-9887-46E7-A910-448FA02E71DE}.Release|Any CPU.Build.0 = Release|Any CPU
		{B72B0929-E1C5-4C63-A0BD-67F8A1FE1E1B}.Debug|Any CPU.ActiveCfg = Debug|Any CPU
		{B72B0929-E1C5-4C63-A0BD-67F8A1FE1E1B}.Debug|Any CPU.Build.0 = Debug|Any CPU
		{B72B0929-E1C5-4C63-A0BD-67F8A1FE1E1B}.Release|Any CPU.ActiveCfg = Release|Any CPU
		{B72B0929-E1C5-4C63-A0BD-67F8A1FE1E1B}.Release|Any CPU.Build.0 = Release|Any CPU
		{91D34BC2-601D-4A45-88EF-D5C7898CBD91}.Debug|Any CPU.ActiveCfg = Debug|Any CPU
		{91D34BC2-601D-4A45-88EF-D5C7898CBD91}.Debug|Any CPU.Build.0 = Debug|Any CPU
		{91D34BC2-601D-4A45-88EF-D5C7898CBD91}.Release|Any CPU.ActiveCfg = Release|Any CPU
		{91D34BC2-601D-4A45-88EF-D5C7898CBD91}.Release|Any CPU.Build.0 = Release|Any CPU
		{F2824908-3C32-40E8-B7AF-8DD04172174B}.Debug|Any CPU.ActiveCfg = Debug|Any CPU
		{F2824908-3C32-40E8-B7AF-8DD04172174B}.Debug|Any CPU.Build.0 = Debug|Any CPU
		{F2824908-3C32-40E8-B7AF-8DD04172174B}.Release|Any CPU.ActiveCfg = Release|Any CPU
		{F2824908-3C32-40E8-B7AF-8DD04172174B}.Release|Any CPU.Build.0 = Release|Any CPU
	EndGlobalSection
	GlobalSection(SolutionProperties) = preSolution
		HideSolutionNode = FALSE
	EndGlobalSection
EndGlobal
