
Microsoft Visual Studio Solution File, Format Version 12.00
# Visual Studio 14
VisualStudioVersion = 14.0.25420.1
MinimumVisualStudioVersion = 10.0.40219.1
Project("{FAE04EC0-301F-11D3-BF4B-00C04F79EFBC}") = "01. RemoveElementsAtOddPositions", "01. RemoveElementsAtOddPositions\01. RemoveElementsAtOddPositions.csproj", "{CD889577-6B00-4E56-8C59-79E1E75D130F}"
EndProject
Project("{FAE04EC0-301F-11D3-BF4B-00C04F79EFBC}") = "02. TrackDownloader", "02. TrackDownloader\02. TrackDownloader.csproj", "{3A4CC69A-0DD4-4D73-B446-EFB89E85EEC8}"
EndProject
Project("{FAE04EC0-301F-11D3-BF4B-00C04F79EFBC}") = "03. EqualSumAfterExtraction", "03. EqualSumAfterExtraction\03. EqualSumAfterExtraction.csproj", "{C415A03F-8186-44D8-A85C-5934F64911E2}"
EndProject
Project("{FAE04EC0-301F-11D3-BF4B-00C04F79EFBC}") = "04. FlipListSides", "04. FlipListSides\04. FlipListSides.csproj", "{80FDA2CF-49E5-4B8E-8D07-5B166A066244}"
EndProject
Project("{FAE04EC0-301F-11D3-BF4B-00C04F79EFBC}") = "05. TearListInHalf", "05. TearListInHalf\05. TearListInHalf.csproj", "{3E82938E-181F-4DA2-9082-B987D0E5BCD3}"
EndProject
Project("{FAE04EC0-301F-11D3-BF4B-00C04F79EFBC}") = "06. StuckZipper", "06. StuckZipper\06. StuckZipper.csproj", "{B72C0871-93A6-46A0-9C68-F873906F9DAC}"
EndProject
Global
	GlobalSection(SolutionConfigurationPlatforms) = preSolution
		Debug|Any CPU = Debug|Any CPU
		Release|Any CPU = Release|Any CPU
	EndGlobalSection
	GlobalSection(ProjectConfigurationPlatforms) = postSolution
		{CD889577-6B00-4E56-8C59-79E1E75D130F}.Debug|Any CPU.ActiveCfg = Debug|Any CPU
		{CD889577-6B00-4E56-8C59-79E1E75D130F}.Debug|Any CPU.Build.0 = Debug|Any CPU
		{CD889577-6B00-4E56-8C59-79E1E75D130F}.Release|Any CPU.ActiveCfg = Release|Any CPU
		{CD889577-6B00-4E56-8C59-79E1E75D130F}.Release|Any CPU.Build.0 = Release|Any CPU
		{3A4CC69A-0DD4-4D73-B446-EFB89E85EEC8}.Debug|Any CPU.ActiveCfg = Debug|Any CPU
		{3A4CC69A-0DD4-4D73-B446-EFB89E85EEC8}.Debug|Any CPU.Build.0 = Debug|Any CPU
		{3A4CC69A-0DD4-4D73-B446-EFB89E85EEC8}.Release|Any CPU.ActiveCfg = Release|Any CPU
		{3A4CC69A-0DD4-4D73-B446-EFB89E85EEC8}.Release|Any CPU.Build.0 = Release|Any CPU
		{C415A03F-8186-44D8-A85C-5934F64911E2}.Debug|Any CPU.ActiveCfg = Debug|Any CPU
		{C415A03F-8186-44D8-A85C-5934F64911E2}.Debug|Any CPU.Build.0 = Debug|Any CPU
		{C415A03F-8186-44D8-A85C-5934F64911E2}.Release|Any CPU.ActiveCfg = Release|Any CPU
		{C415A03F-8186-44D8-A85C-5934F64911E2}.Release|Any CPU.Build.0 = Release|Any CPU
		{80FDA2CF-49E5-4B8E-8D07-5B166A066244}.Debug|Any CPU.ActiveCfg = Debug|Any CPU
		{80FDA2CF-49E5-4B8E-8D07-5B166A066244}.Debug|Any CPU.Build.0 = Debug|Any CPU
		{80FDA2CF-49E5-4B8E-8D07-5B166A066244}.Release|Any CPU.ActiveCfg = Release|Any CPU
		{80FDA2CF-49E5-4B8E-8D07-5B166A066244}.Release|Any CPU.Build.0 = Release|Any CPU
		{3E82938E-181F-4DA2-9082-B987D0E5BCD3}.Debug|Any CPU.ActiveCfg = Debug|Any CPU
		{3E82938E-181F-4DA2-9082-B987D0E5BCD3}.Debug|Any CPU.Build.0 = Debug|Any CPU
		{3E82938E-181F-4DA2-9082-B987D0E5BCD3}.Release|Any CPU.ActiveCfg = Release|Any CPU
		{3E82938E-181F-4DA2-9082-B987D0E5BCD3}.Release|Any CPU.Build.0 = Release|Any CPU
		{B72C0871-93A6-46A0-9C68-F873906F9DAC}.Debug|Any CPU.ActiveCfg = Debug|Any CPU
		{B72C0871-93A6-46A0-9C68-F873906F9DAC}.Debug|Any CPU.Build.0 = Debug|Any CPU
		{B72C0871-93A6-46A0-9C68-F873906F9DAC}.Release|Any CPU.ActiveCfg = Release|Any CPU
		{B72C0871-93A6-46A0-9C68-F873906F9DAC}.Release|Any CPU.Build.0 = Release|Any CPU
	EndGlobalSection
	GlobalSection(SolutionProperties) = preSolution
		HideSolutionNode = FALSE
	EndGlobalSection
EndGlobal
